// !$*UTF8*$!
{
	archiveVersion = 1;
	classes = {
	};
	objectVersion = 55;
	objects = {

/* Begin PBXBuildFile section */
		A163E2852C93465400CEB34B /* AppDelegate.m in Sources */ = {isa = PBXBuildFile; fileRef = A163E2842C93465400CEB34B /* AppDelegate.m */; };
		A163E2882C93465400CEB34B /* SceneDelegate.m in Sources */ = {isa = PBXBuildFile; fileRef = A163E2872C93465400CEB34B /* SceneDelegate.m */; };
		A163E28B2C93465400CEB34B /* ViewController.m in Sources */ = {isa = PBXBuildFile; fileRef = A163E28A2C93465400CEB34B /* ViewController.m */; };
		A163E28E2C93465400CEB34B /* Main.storyboard in Resources */ = {isa = PBXBuildFile; fileRef = A163E28C2C93465400CEB34B /* Main.storyboard */; };
		A163E2902C93465900CEB34B /* Assets.xcassets in Resources */ = {isa = PBXBuildFile; fileRef = A163E28F2C93465900CEB34B /* Assets.xcassets */; };
		A163E2932C93465900CEB34B /* LaunchScreen.storyboard in Resources */ = {isa = PBXBuildFile; fileRef = A163E2912C93465900CEB34B /* LaunchScreen.storyboard */; };
		A163E2962C93465900CEB34B /* main.m in Sources */ = {isa = PBXBuildFile; fileRef = A163E2952C93465900CEB34B /* main.m */; };
		A163E29E2C93476600CEB34B /* SwiftUIView.swift in Sources */ = {isa = PBXBuildFile; fileRef = A163E29D2C93476600CEB34B /* SwiftUIView.swift */; };
		A163E2A12C9347DD00CEB34B /* Operators.cpp in Sources */ = {isa = PBXBuildFile; fileRef = A163E29F2C9347DD00CEB34B /* Operators.cpp */; };
/* End PBXBuildFile section */

/* Begin PBXFileReference section */
		A163E2802C93465400CEB34B /* swift-cpp.app */ = {isa = PBXFileReference; explicitFileType = wrapper.application; includeInIndex = 0; path = "swift-cpp.app"; sourceTree = BUILT_PRODUCTS_DIR; };
		A163E2832C93465400CEB34B /* AppDelegate.h */ = {isa = PBXFileReference; lastKnownFileType = sourcecode.c.h; path = AppDelegate.h; sourceTree = "<group>"; };
		A163E2842C93465400CEB34B /* AppDelegate.m */ = {isa = PBXFileReference; lastKnownFileType = sourcecode.c.objc; path = AppDelegate.m; sourceTree = "<group>"; };
		A163E2862C93465400CEB34B /* SceneDelegate.h */ = {isa = PBXFileReference; lastKnownFileType = sourcecode.c.h; path = SceneDelegate.h; sourceTree = "<group>"; };
		A163E2872C93465400CEB34B /* SceneDelegate.m */ = {isa = PBXFileReference; lastKnownFileType = sourcecode.c.objc; path = SceneDelegate.m; sourceTree = "<group>"; };
		A163E2892C93465400CEB34B /* ViewController.h */ = {isa = PBXFileReference; lastKnownFileType = sourcecode.c.h; path = ViewController.h; sourceTree = "<group>"; };
		A163E28A2C93465400CEB34B /* ViewController.m */ = {isa = PBXFileReference; lastKnownFileType = sourcecode.c.objc; path = ViewController.m; sourceTree = "<group>"; };
		A163E28D2C93465400CEB34B /* Base */ = {isa = PBXFileReference; lastKnownFileType = file.storyboard; name = Base; path = Base.lproj/Main.storyboard; sourceTree = "<group>"; };
		A163E28F2C93465900CEB34B /* Assets.xcassets */ = {isa = PBXFileReference; lastKnownFileType = folder.assetcatalog; path = Assets.xcassets; sourceTree = "<group>"; };
		A163E2922C93465900CEB34B /* Base */ = {isa = PBXFileReference; lastKnownFileType = file.storyboard; name = Base; path = Base.lproj/LaunchScreen.storyboard; sourceTree = "<group>"; };
		A163E2942C93465900CEB34B /* Info.plist */ = {isa = PBXFileReference; lastKnownFileType = text.plist.xml; path = Info.plist; sourceTree = "<group>"; };
		A163E2952C93465900CEB34B /* main.m */ = {isa = PBXFileReference; lastKnownFileType = sourcecode.c.objc; path = main.m; sourceTree = "<group>"; };
		A163E29C2C93476600CEB34B /* swift-cpp-Bridging-Header.h */ = {isa = PBXFileReference; lastKnownFileType = sourcecode.c.h; path = "swift-cpp-Bridging-Header.h"; sourceTree = "<group>"; };
		A163E29D2C93476600CEB34B /* SwiftUIView.swift */ = {isa = PBXFileReference; lastKnownFileType = sourcecode.swift; path = SwiftUIView.swift; sourceTree = "<group>"; };
		A163E29F2C9347DD00CEB34B /* Operators.cpp */ = {isa = PBXFileReference; lastKnownFileType = sourcecode.cpp.cpp; path = Operators.cpp; sourceTree = "<group>"; };
		A163E2A02C9347DD00CEB34B /* Operators.hpp */ = {isa = PBXFileReference; lastKnownFileType = sourcecode.cpp.h; path = Operators.hpp; sourceTree = "<group>"; };
/* End PBXFileReference section */

/* Begin PBXFrameworksBuildPhase section */
		A163E27D2C93465400CEB34B /* Frameworks */ = {
			isa = PBXFrameworksBuildPhase;
			buildActionMask = 2147483647;
			files = (
			);
			runOnlyForDeploymentPostprocessing = 0;
		};
/* End PBXFrameworksBuildPhase section */

/* Begin PBXGroup section */
		A163E2772C93465400CEB34B = {
			isa = PBXGroup;
			children = (
				A163E2822C93465400CEB34B /* swift-cpp */,
				A163E2812C93465400CEB34B /* Products */,
			);
			sourceTree = "<group>";
		};
		A163E2812C93465400CEB34B /* Products */ = {
			isa = PBXGroup;
			children = (
				A163E2802C93465400CEB34B /* swift-cpp.app */,
			);
			name = Products;
			sourceTree = "<group>";
		};
		A163E2822C93465400CEB34B /* swift-cpp */ = {
			isa = PBXGroup;
			children = (
				A163E29F2C9347DD00CEB34B /* Operators.cpp */,
				A163E2A02C9347DD00CEB34B /* Operators.hpp */,
				A163E2832C93465400CEB34B /* AppDelegate.h */,
				A163E29D2C93476600CEB34B /* SwiftUIView.swift */,
				A163E2842C93465400CEB34B /* AppDelegate.m */,
				A163E2862C93465400CEB34B /* SceneDelegate.h */,
				A163E2872C93465400CEB34B /* SceneDelegate.m */,
				A163E2892C93465400CEB34B /* ViewController.h */,
				A163E28A2C93465400CEB34B /* ViewController.m */,
				A163E28C2C93465400CEB34B /* Main.storyboard */,
				A163E28F2C93465900CEB34B /* Assets.xcassets */,
				A163E2912C93465900CEB34B /* LaunchScreen.storyboard */,
				A163E2942C93465900CEB34B /* Info.plist */,
				A163E2952C93465900CEB34B /* main.m */,
				A163E29C2C93476600CEB34B /* swift-cpp-Bridging-Header.h */,
			);
			path = "swift-cpp";
			sourceTree = "<group>";
		};
/* End PBXGroup section */

/* Begin PBXNativeTarget section */
		A163E27F2C93465400CEB34B /* swift-cpp */ = {
			isa = PBXNativeTarget;
			buildConfigurationList = A163E2992C93465900CEB34B /* Build configuration list for PBXNativeTarget "swift-cpp" */;
			buildPhases = (
				A163E27C2C93465400CEB34B /* Sources */,
				A163E27D2C93465400CEB34B /* Frameworks */,
				A163E27E2C93465400CEB34B /* Resources */,
			);
			buildRules = (
			);
			dependencies = (
			);
			name = "swift-cpp";
			productName = "swift-cpp";
			productReference = A163E2802C93465400CEB34B /* swift-cpp.app */;
			productType = "com.apple.product-type.application";
		};
/* End PBXNativeTarget section */

/* Begin PBXProject section */
		A163E2782C93465400CEB34B /* Project object */ = {
			isa = PBXProject;
			attributes = {
				BuildIndependentTargetsInParallel = 1;
				LastUpgradeCheck = 1320;
				TargetAttributes = {
					A163E27F2C93465400CEB34B = {
						CreatedOnToolsVersion = 13.2;
						LastSwiftMigration = 1320;
					};
				};
			};
			buildConfigurationList = A163E27B2C93465400CEB34B /* Build configuration list for PBXProject "swift-cpp" */;
			compatibilityVersion = "Xcode 13.0";
			developmentRegion = en;
			hasScannedForEncodings = 0;
			knownRegions = (
				en,
				Base,
			);
			mainGroup = A163E2772C93465400CEB34B;
			productRefGroup = A163E2812C93465400CEB34B /* Products */;
			projectDirPath = "";
			projectRoot = "";
			targets = (
				A163E27F2C93465400CEB34B /* swift-cpp */,
			);
		};
/* End PBXProject section */

/* Begin PBXResourcesBuildPhase section */
		A163E27E2C93465400CEB34B /* Resources */ = {
			isa = PBXResourcesBuildPhase;
			buildActionMask = 2147483647;
			files = (
				A163E2932C93465900CEB34B /* LaunchScreen.storyboard in Resources */,
				A163E2902C93465900CEB34B /* Assets.xcassets in Resources */,
				A163E28E2C93465400CEB34B /* Main.storyboard in Resources */,
			);
			runOnlyForDeploymentPostprocessing = 0;
		};
/* End PBXResourcesBuildPhase section */

/* Begin PBXSourcesBuildPhase section */
		A163E27C2C93465400CEB34B /* Sources */ = {
			isa = PBXSourcesBuildPhase;
			buildActionMask = 2147483647;
			files = (
				A163E28B2C93465400CEB34B /* ViewController.m in Sources */,
				A163E2852C93465400CEB34B /* AppDelegate.m in Sources */,
				A163E2962C93465900CEB34B /* main.m in Sources */,
				A163E2A12C9347DD00CEB34B /* Operators.cpp in Sources */,
				A163E2882C93465400CEB34B /* SceneDelegate.m in Sources */,
				A163E29E2C93476600CEB34B /* SwiftUIView.swift in Sources */,
			);
			runOnlyForDeploymentPostprocessing = 0;
		};
/* End PBXSourcesBuildPhase section */

/* Begin PBXVariantGroup section */
		A163E28C2C93465400CEB34B /* Main.storyboard */ = {
			isa = PBXVariantGroup;
			children = (
				A163E28D2C93465400CEB34B /* Base */,
			);
			name = Main.storyboard;
			sourceTree = "<group>";
		};
		A163E2912C93465900CEB34B /* LaunchScreen.storyboard */ = {
			isa = PBXVariantGroup;
			children = (
				A163E2922C93465900CEB34B /* Base */,
			);
			name = LaunchScreen.storyboard;
			sourceTree = "<group>";
		};
/* End PBXVariantGroup section */

/* Begin XCBuildConfiguration section */
		A163E2972C93465900CEB34B /* Debug */ = {
			isa = XCBuildConfiguration;
			buildSettings = {
				ALWAYS_SEARCH_USER_PATHS = NO;
				CLANG_ANALYZER_NONNULL = YES;
				CLANG_ANALYZER_NUMBER_OBJECT_CONVERSION = YES_AGGRESSIVE;
				CLANG_CXX_LANGUAGE_STANDARD = "gnu++17";
				CLANG_CXX_LIBRARY = "libc++";
				CLANG_ENABLE_MODULES = YES;
				CLANG_ENABLE_OBJC_ARC = YES;
				CLANG_ENABLE_OBJC_WEAK = YES;
				CLANG_WARN_BLOCK_CAPTURE_AUTORELEASING = YES;
				CLANG_WARN_BOOL_CONVERSION = YES;
				CLANG_WARN_COMMA = YES;
				CLANG_WARN_CONSTANT_CONVERSION = YES;
				CLANG_WARN_DEPRECATED_OBJC_IMPLEMENTATIONS = YES;
				CLANG_WARN_DIRECT_OBJC_ISA_USAGE = YES_ERROR;
				CLANG_WARN_DOCUMENTATION_COMMENTS = YES;
				CLANG_WARN_EMPTY_BODY = YES;
				CLANG_WARN_ENUM_CONVERSION = YES;
				CLANG_WARN_INFINITE_RECURSION = YES;
				CLANG_WARN_INT_CONVERSION = YES;
				CLANG_WARN_NON_LITERAL_NULL_CONVERSION = YES;
				CLANG_WARN_OBJC_IMPLICIT_RETAIN_SELF = YES;
				CLANG_WARN_OBJC_LITERAL_CONVERSION = YES;
				CLANG_WARN_OBJC_ROOT_CLASS = YES_ERROR;
				CLANG_WARN_QUOTED_INCLUDE_IN_FRAMEWORK_HEADER = YES;
				CLANG_WARN_RANGE_LOOP_ANALYSIS = YES;
				CLANG_WARN_STRICT_PROTOTYPES = YES;
				CLANG_WARN_SUSPICIOUS_MOVE = YES;
				CLANG_WARN_UNGUARDED_AVAILABILITY = YES_AGGRESSIVE;
				CLANG_WARN_UNREACHABLE_CODE = YES;
				CLANG_WARN__DUPLICATE_METHOD_MATCH = YES;
				COPY_PHASE_STRIP = NO;
				DEBUG_INFORMATION_FORMAT = dwarf;
				ENABLE_STRICT_OBJC_MSGSEND = YES;
				ENABLE_TESTABILITY = YES;
				GCC_C_LANGUAGE_STANDARD = gnu11;
				GCC_DYNAMIC_NO_PIC = NO;
				GCC_NO_COMMON_BLOCKS = YES;
				GCC_OPTIMIZATION_LEVEL = 0;
				GCC_PREPROCESSOR_DEFINITIONS = (
					"DEBUG=1",
					"$(inherited)",
				);
				GCC_WARN_64_TO_32_BIT_CONVERSION = YES;
				GCC_WARN_ABOUT_RETURN_TYPE = YES_ERROR;
				GCC_WARN_UNDECLARED_SELECTOR = YES;
				GCC_WARN_UNINITIALIZED_AUTOS = YES_AGGRESSIVE;
				GCC_WARN_UNUSED_FUNCTION = YES;
				GCC_WARN_UNUSED_VARIABLE = YES;
				IPHONEOS_DEPLOYMENT_TARGET = 15.2;
				MTL_ENABLE_DEBUG_INFO = INCLUDE_SOURCE;
				MTL_FAST_MATH = YES;
				ONLY_ACTIVE_ARCH = YES;
				SDKROOT = iphoneos;
			};
			name = Debug;
		};
		A163E2982C93465900CEB34B /* Release */ = {
			isa = XCBuildConfiguration;
			buildSettings = {
				ALWAYS_SEARCH_USER_PATHS = NO;
				CLANG_ANALYZER_NONNULL = YES;
				CLANG_ANALYZER_NUMBER_OBJECT_CONVERSION = YES_AGGRESSIVE;
				CLANG_CXX_LANGUAGE_STANDARD = "gnu++17";
				CLANG_CXX_LIBRARY = "libc++";
				CLANG_ENABLE_MODULES = YES;
				CLANG_ENABLE_OBJC_ARC = YES;
				CLANG_ENABLE_OBJC_WEAK = YES;
				CLANG_WARN_BLOCK_CAPTURE_AUTORELEASING = YES;
				CLANG_WARN_BOOL_CONVERSION = YES;
				CLANG_WARN_COMMA = YES;
				CLANG_WARN_CONSTANT_CONVERSION = YES;
				CLANG_WARN_DEPRECATED_OBJC_IMPLEMENTATIONS = YES;
				CLANG_WARN_DIRECT_OBJC_ISA_USAGE = YES_ERROR;
				CLANG_WARN_DOCUMENTATION_COMMENTS = YES;
				CLANG_WARN_EMPTY_BODY = YES;
				CLANG_WARN_ENUM_CONVERSION = YES;
				CLANG_WARN_INFINITE_RECURSION = YES;
				CLANG_WARN_INT_CONVERSION = YES;
				CLANG_WARN_NON_LITERAL_NULL_CONVERSION = YES;
				CLANG_WARN_OBJC_IMPLICIT_RETAIN_SELF = YES;
				CLANG_WARN_OBJC_LITERAL_CONVERSION = YES;
				CLANG_WARN_OBJC_ROOT_CLASS = YES_ERROR;
				CLANG_WARN_QUOTED_INCLUDE_IN_FRAMEWORK_HEADER = YES;
				CLANG_WARN_RANGE_LOOP_ANALYSIS = YES;
				CLANG_WARN_STRICT_PROTOTYPES = YES;
				CLANG_WARN_SUSPICIOUS_MOVE = YES;
				CLANG_WARN_UNGUARDED_AVAILABILITY = YES_AGGRESSIVE;
				CLANG_WARN_UNREACHABLE_CODE = YES;
				CLANG_WARN__DUPLICATE_METHOD_MATCH = YES;
				COPY_PHASE_STRIP = NO;
				DEBUG_INFORMATION_FORMAT = "dwarf-with-dsym";
				ENABLE_NS_ASSERTIONS = NO;
				ENABLE_STRICT_OBJC_MSGSEND = YES;
				GCC_C_LANGUAGE_STANDARD = gnu11;
				GCC_NO_COMMON_BLOCKS = YES;
				GCC_WARN_64_TO_32_BIT_CONVERSION = YES;
				GCC_WARN_ABOUT_RETURN_TYPE = YES_ERROR;
				GCC_WARN_UNDECLARED_SELECTOR = YES;
				GCC_WARN_UNINITIALIZED_AUTOS = YES_AGGRESSIVE;
				GCC_WARN_UNUSED_FUNCTION = YES;
				GCC_WARN_UNUSED_VARIABLE = YES;
				IPHONEOS_DEPLOYMENT_TARGET = 15.2;
				MTL_ENABLE_DEBUG_INFO = NO;
				MTL_FAST_MATH = YES;
				SDKROOT = iphoneos;
				VALIDATE_PRODUCT = YES;
			};
			name = Release;
		};
		A163E29A2C93465900CEB34B /* Debug */ = {
			isa = XCBuildConfiguration;
			buildSettings = {
				ASSETCATALOG_COMPILER_APPICON_NAME = AppIcon;
				ASSETCATALOG_COMPILER_GLOBAL_ACCENT_COLOR_NAME = AccentColor;
				CLANG_ENABLE_MODULES = YES;
				CODE_SIGN_STYLE = Automatic;
				CURRENT_PROJECT_VERSION = 1;
				GENERATE_INFOPLIST_FILE = YES;
				INFOPLIST_FILE = "swift-cpp/Info.plist";
				INFOPLIST_KEY_UIApplicationSupportsIndirectInputEvents = YES;
				INFOPLIST_KEY_UILaunchStoryboardName = LaunchScreen;
				INFOPLIST_KEY_UIMainStoryboardFile = Main;
				INFOPLIST_KEY_UISupportedInterfaceOrientations_iPad = "UIInterfaceOrientationPortrait UIInterfaceOrientationPortraitUpsideDown UIInterfaceOrientationLandscapeLeft UIInterfaceOrientationLandscapeRight";
				INFOPLIST_KEY_UISupportedInterfaceOrientations_iPhone = "UIInterfaceOrientationPortrait UIInterfaceOrientationLandscapeLeft UIInterfaceOrientationLandscapeRight";
				LD_RUNPATH_SEARCH_PATHS = (
					"$(inherited)",
					"@executable_path/Frameworks",
				);
				MARKETING_VERSION = 1.0;
				PRODUCT_BUNDLE_IDENTIFIER = "com.xpto.swift-cpp";
				PRODUCT_NAME = "$(TARGET_NAME)";
				SWIFT_EMIT_LOC_STRINGS = YES;
				SWIFT_OBJC_BRIDGING_HEADER = "swift-cpp/swift-cpp-Bridging-Header.h";
				SWIFT_OPTIMIZATION_LEVEL = "-Onone";
				SWIFT_VERSION = 5.0;
				TARGETED_DEVICE_FAMILY = "1,2";
			};
			name = Debug;
		};
		A163E29B2C93465900CEB34B /* Release */ = {
			isa = XCBuildConfiguration;
			buildSettings = {
				ASSETCATALOG_COMPILER_APPICON_NAME = AppIcon;
				ASSETCATALOG_COMPILER_GLOBAL_ACCENT_COLOR_NAME = AccentColor;
				CLANG_ENABLE_MODULES = YES;
				CODE_SIGN_STYLE = Automatic;
				CURRENT_PROJECT_VERSION = 1;
				GENERATE_INFOPLIST_FILE = YES;
				INFOPLIST_FILE = "swift-cpp/Info.plist";
				INFOPLIST_KEY_UIApplicationSupportsIndirectInputEvents = YES;
				INFOPLIST_KEY_UILaunchStoryboardName = LaunchScreen;
				INFOPLIST_KEY_UIMainStoryboardFile = Main;
				INFOPLIST_KEY_UISupportedInterfaceOrientations_iPad = "UIInterfaceOrientationPortrait UIInterfaceOrientationPortraitUpsideDown UIInterfaceOrientationLandscapeLeft UIInterfaceOrientationLandscapeRight";
				INFOPLIST_KEY_UISupportedInterfaceOrientations_iPhone = "UIInterfaceOrientationPortrait UIInterfaceOrientationLandscapeLeft UIInterfaceOrientationLandscapeRight";
				LD_RUNPATH_SEARCH_PATHS = (
					"$(inherited)",
					"@executable_path/Frameworks",
				);
				MARKETING_VERSION = 1.0;
				PRODUCT_BUNDLE_IDENTIFIER = "com.xpto.swift-cpp";
				PRODUCT_NAME = "$(TARGET_NAME)";
				SWIFT_EMIT_LOC_STRINGS = YES;
				SWIFT_OBJC_BRIDGING_HEADER = "swift-cpp/swift-cpp-Bridging-Header.h";
				SWIFT_VERSION = 5.0;
				TARGETED_DEVICE_FAMILY = "1,2";
			};
			name = Release;
		};
/* End XCBuildConfiguration section */

/* Begin XCConfigurationList section */
		A163E27B2C93465400CEB34B /* Build configuration list for PBXProject "swift-cpp" */ = {
			isa = XCConfigurationList;
			buildConfigurations = (
				A163E2972C93465900CEB34B /* Debug */,
				A163E2982C93465900CEB34B /* Release */,
			);
			defaultConfigurationIsVisible = 0;
			defaultConfigurationName = Release;
		};
		A163E2992C93465900CEB34B /* Build configuration list for PBXNativeTarget "swift-cpp" */ = {
			isa = XCConfigurationList;
			buildConfigurations = (
				A163E29A2C93465900CEB34B /* Debug */,
				A163E29B2C93465900CEB34B /* Release */,
			);
			defaultConfigurationIsVisible = 0;
			defaultConfigurationName = Release;
		};
/* End XCConfigurationList section */
	};
	rootObject = A163E2782C93465400CEB34B /* Project object */;
}
